
Microsoft Visual Studio Solution File, Format Version 12.00
# Visual Studio Version 16
VisualStudioVersion = 16.0.30907.101
MinimumVisualStudioVersion = 10.0.40219.1
Project("{FAE04EC0-301F-11D3-BF4B-00C04F79EFBC}") = "Web", "Web\Web.csproj", "{296979DC-9ECC-4EDB-A488-DC8764EF3A1E}"
EndProject
Project("{FAE04EC0-301F-11D3-BF4B-00C04F79EFBC}") = "Core", "Core\Core.csproj", "{9C02E896-FF16-4EF8-AD6D-A5BB0F3D126B}"
EndProject
Project("{FAE04EC0-301F-11D3-BF4B-00C04F79EFBC}") = "Infrastructure", "Infrastructure\Infrastructure.csproj", "{F7205167-2AC6-4DDE-A25D-EA8FF1DF4CE6}"
EndProject
Global
	GlobalSection(SolutionConfigurationPlatforms) = preSolution
		Debug|Any CPU = Debug|Any CPU
		Release|Any CPU = Release|Any CPU
	EndGlobalSection
	GlobalSection(ProjectConfigurationPlatforms) = postSolution
		{296979DC-9ECC-4EDB-A488-DC8764EF3A1E}.Debug|Any CPU.ActiveCfg = Debug|Any CPU
		{296979DC-9ECC-4EDB-A488-DC8764EF3A1E}.Debug|Any CPU.Build.0 = Debug|Any CPU
		{296979DC-9ECC-4EDB-A488-DC8764EF3A1E}.Release|Any CPU.ActiveCfg = Release|Any CPU
		{296979DC-9ECC-4EDB-A488-DC8764EF3A1E}.Release|Any CPU.Build.0 = Release|Any CPU
		{9C02E896-FF16-4EF8-AD6D-A5BB0F3D126B}.Debug|Any CPU.ActiveCfg = Debug|Any CPU
		{9C02E896-FF16-4EF8-AD6D-A5BB0F3D126B}.Debug|Any CPU.Build.0 = Debug|Any CPU
		{9C02E896-FF16-4EF8-AD6D-A5BB0F3D126B}.Release|Any CPU.ActiveCfg = Release|Any CPU
		{9C02E896-FF16-4EF8-AD6D-A5BB0F3D126B}.Release|Any CPU.Build.0 = Release|Any CPU
		{F7205167-2AC6-4DDE-A25D-EA8FF1DF4CE6}.Debug|Any CPU.ActiveCfg = Debug|Any CPU
		{F7205167-2AC6-4DDE-A25D-EA8FF1DF4CE6}.Debug|Any CPU.Build.0 = Debug|Any CPU
		{F7205167-2AC6-4DDE-A25D-EA8FF1DF4CE6}.Release|Any CPU.ActiveCfg = Release|Any CPU
		{F7205167-2AC6-4DDE-A25D-EA8FF1DF4CE6}.Release|Any CPU.Build.0 = Release|Any CPU
	EndGlobalSection
	GlobalSection(SolutionProperties) = preSolution
		HideSolutionNode = FALSE
	EndGlobalSection
	GlobalSection(ExtensibilityGlobals) = postSolution
		SolutionGuid = {83945148-7294-4765-A555-F413F970A798}
	EndGlobalSection
EndGlobal
